<?xml version="1.0" encoding="utf-8"?>
<Project ToolsVersion="Current" xmlns="http://schemas.microsoft.com/developer/msbuild/2003">
  <ItemGroup>
    <ClCompile Include="source\main.cpp" />
    <ClCompile Include="source\script.cpp" />
    <ClCompile Include="source\globals.h" />
    <ClCompile Include="source\utils\ini.cpp">
      <Filter>utils</Filter>
    </ClCompile>
    <ClCompile Include="source\utils\interiors.cpp">
      <Filter>utils</Filter>
    </ClCompile>
    <ClCompile Include="source\utils\functions.cpp">
      <Filter>utils</Filter>
    </ClCompile>
    <ClCompile Include="source\utils\blips.cpp">
      <Filter>utils</Filter>
    </ClCompile>
    <ClCompile Include="source\utils\onlineteleports.cpp">
      <Filter>utils</Filter>
    </ClCompile>
    <ClCompile Include="source\utils\keyboard.cpp">
      <Filter>utils</Filter>
    </ClCompile>
  </ItemGroup>
  <ItemGroup>
    <ClInclude Include="source\script.h" />
    <ClInclude Include="source\utils\interiors.h">
      <Filter>utils</Filter>
    </ClInclude>
    <ClInclude Include="source\utils\ini.h">
      <Filter>utils</Filter>
    </ClInclude>
    <ClInclude Include="source\utils\functions.h">
      <Filter>utils</Filter>
    </ClInclude>
    <ClInclude Include="source\utils\blips.h">
      <Filter>utils</Filter>
    </ClInclude>
    <ClInclude Include="source\utils\onlineteleports.h">
      <Filter>utils</Filter>
    </ClInclude>
    <ClInclude Include="source\utils\keyboard.h">
      <Filter>utils</Filter>
    </ClInclude>
  </ItemGroup>
  <ItemGroup>
    <Filter Include="utils">
      <UniqueIdentifier>{c4122ed1-ce27-4a27-8e3c-b9b34ef5436f}</UniqueIdentifier>
    </Filter>
  </ItemGroup>
</Project>